
Microsoft Visual Studio Solution File, Format Version 12.00
# Visual Studio Version 17
VisualStudioVersion = 17.4.33213.308
MinimumVisualStudioVersion = 10.0.40219.1
Project("{FAE04EC0-301F-11D3-BF4B-00C04F79EFBC}") = "TangyWeb.Server", "TangyWeb.Server\TangyWeb.Server.csproj", "{C6D0342B-DA50-4A41-B658-1ADC217AB08D}"
EndProject
Project("{FAE04EC0-301F-11D3-BF4B-00C04F79EFBC}") = "TangyLibrary.Models", "TangyLibrary.Models\TangyLibrary.Models.csproj", "{6BD00075-751D-4F28-BEFE-7DC0D722D7EE}"
EndProject
Global
	GlobalSection(SolutionConfigurationPlatforms) = preSolution
		Debug|Any CPU = Debug|Any CPU
		Release|Any CPU = Release|Any CPU
	EndGlobalSection
	GlobalSection(ProjectConfigurationPlatforms) = postSolution
		{C6D0342B-DA50-4A41-B658-1ADC217AB08D}.Debug|Any CPU.ActiveCfg = Debug|Any CPU
		{C6D0342B-DA50-4A41-B658-1ADC217AB08D}.Debug|Any CPU.Build.0 = Debug|Any CPU
		{C6D0342B-DA50-4A41-B658-1ADC217AB08D}.Release|Any CPU.ActiveCfg = Release|Any CPU
		{C6D0342B-DA50-4A41-B658-1ADC217AB08D}.Release|Any CPU.Build.0 = Release|Any CPU
		{6BD00075-751D-4F28-BEFE-7DC0D722D7EE}.Debug|Any CPU.ActiveCfg = Debug|Any CPU
		{6BD00075-751D-4F28-BEFE-7DC0D722D7EE}.Debug|Any CPU.Build.0 = Debug|Any CPU
		{6BD00075-751D-4F28-BEFE-7DC0D722D7EE}.Release|Any CPU.ActiveCfg = Release|Any CPU
		{6BD00075-751D-4F28-BEFE-7DC0D722D7EE}.Release|Any CPU.Build.0 = Release|Any CPU
	EndGlobalSection
	GlobalSection(SolutionProperties) = preSolution
		HideSolutionNode = FALSE
	EndGlobalSection
	GlobalSection(ExtensibilityGlobals) = postSolution
		SolutionGuid = {12B7BD8A-1BEA-4E3B-80E0-A26F97BEF95B}
	EndGlobalSection
EndGlobal
